
Microsoft Visual Studio Solution File, Format Version 12.00
Project("{FAE04EC0-301F-11D3-BF4B-00C04F79EFBC}") = "ResizeImage.API", "ResizeImage.API\ResizeImage.API.csproj", "{9EB8F6C0-C333-45B5-BC05-B61AE81824A0}"
EndProject
Project("{FAE04EC0-301F-11D3-BF4B-00C04F79EFBC}") = "ResizeImage.Benchmark", "ResizeImage.Benchmark\ResizeImage.Benchmark.csproj", "{29E242FC-3630-4B76-B6E4-257D34EC155E}"
EndProject
Global
	GlobalSection(SolutionConfigurationPlatforms) = preSolution
		Debug|Any CPU = Debug|Any CPU
		Release|Any CPU = Release|Any CPU
	EndGlobalSection
	GlobalSection(ProjectConfigurationPlatforms) = postSolution
		{9EB8F6C0-C333-45B5-BC05-B61AE81824A0}.Debug|Any CPU.ActiveCfg = Debug|Any CPU
		{9EB8F6C0-C333-45B5-BC05-B61AE81824A0}.Debug|Any CPU.Build.0 = Debug|Any CPU
		{9EB8F6C0-C333-45B5-BC05-B61AE81824A0}.Release|Any CPU.ActiveCfg = Release|Any CPU
		{9EB8F6C0-C333-45B5-BC05-B61AE81824A0}.Release|Any CPU.Build.0 = Release|Any CPU
		{29E242FC-3630-4B76-B6E4-257D34EC155E}.Debug|Any CPU.ActiveCfg = Debug|Any CPU
		{29E242FC-3630-4B76-B6E4-257D34EC155E}.Debug|Any CPU.Build.0 = Debug|Any CPU
		{29E242FC-3630-4B76-B6E4-257D34EC155E}.Release|Any CPU.ActiveCfg = Release|Any CPU
		{29E242FC-3630-4B76-B6E4-257D34EC155E}.Release|Any CPU.Build.0 = Release|Any CPU
	EndGlobalSection
EndGlobal
